
Microsoft Visual Studio Solution File, Format Version 12.00
# Visual Studio 2013
VisualStudioVersion = 12.0.40629.0
MinimumVisualStudioVersion = 10.0.40219.1
Project("{FAE04EC0-301F-11D3-BF4B-00C04F79EFBC}") = "MyFeed", "MyFeed\MyFeed.csproj", "{05FE3AF5-A7A9-4BB3-ABF7-0C010BDE61F7}"
EndProject
Project("{FAE04EC0-301F-11D3-BF4B-00C04F79EFBC}") = "MyFeed.Entity", "MyFeed.Entity\MyFeed.Entity.csproj", "{452A89D5-E758-4EE1-8D4B-163D22BEA92B}"
EndProject
Project("{FAE04EC0-301F-11D3-BF4B-00C04F79EFBC}") = "SpiderUtils", "SpiderUtils\SpiderUtils.csproj", "{FB886EED-5062-44C1-9345-EE694158BF45}"
EndProject
Project("{FAE04EC0-301F-11D3-BF4B-00C04F79EFBC}") = "Anki", "Anki\Anki.csproj", "{3552AB49-CEB7-470A-9CF9-B9A0B3B59F11}"
EndProject
Global
	GlobalSection(SolutionConfigurationPlatforms) = preSolution
		Debug|Any CPU = Debug|Any CPU
		Release|Any CPU = Release|Any CPU
	EndGlobalSection
	GlobalSection(ProjectConfigurationPlatforms) = postSolution
		{05FE3AF5-A7A9-4BB3-ABF7-0C010BDE61F7}.Debug|Any CPU.ActiveCfg = Debug|Any CPU
		{05FE3AF5-A7A9-4BB3-ABF7-0C010BDE61F7}.Debug|Any CPU.Build.0 = Debug|Any CPU
		{05FE3AF5-A7A9-4BB3-ABF7-0C010BDE61F7}.Release|Any CPU.ActiveCfg = Release|Any CPU
		{05FE3AF5-A7A9-4BB3-ABF7-0C010BDE61F7}.Release|Any CPU.Build.0 = Release|Any CPU
		{452A89D5-E758-4EE1-8D4B-163D22BEA92B}.Debug|Any CPU.ActiveCfg = Debug|Any CPU
		{452A89D5-E758-4EE1-8D4B-163D22BEA92B}.Debug|Any CPU.Build.0 = Debug|Any CPU
		{452A89D5-E758-4EE1-8D4B-163D22BEA92B}.Release|Any CPU.ActiveCfg = Release|Any CPU
		{452A89D5-E758-4EE1-8D4B-163D22BEA92B}.Release|Any CPU.Build.0 = Release|Any CPU
		{FB886EED-5062-44C1-9345-EE694158BF45}.Debug|Any CPU.ActiveCfg = Debug|Any CPU
		{FB886EED-5062-44C1-9345-EE694158BF45}.Debug|Any CPU.Build.0 = Debug|Any CPU
		{FB886EED-5062-44C1-9345-EE694158BF45}.Release|Any CPU.ActiveCfg = Release|Any CPU
		{FB886EED-5062-44C1-9345-EE694158BF45}.Release|Any CPU.Build.0 = Release|Any CPU
		{3552AB49-CEB7-470A-9CF9-B9A0B3B59F11}.Debug|Any CPU.ActiveCfg = Debug|Any CPU
		{3552AB49-CEB7-470A-9CF9-B9A0B3B59F11}.Debug|Any CPU.Build.0 = Debug|Any CPU
		{3552AB49-CEB7-470A-9CF9-B9A0B3B59F11}.Release|Any CPU.ActiveCfg = Release|Any CPU
		{3552AB49-CEB7-470A-9CF9-B9A0B3B59F11}.Release|Any CPU.Build.0 = Release|Any CPU
	EndGlobalSection
	GlobalSection(SolutionProperties) = preSolution
		HideSolutionNode = FALSE
	EndGlobalSection
EndGlobal
